
Microsoft Visual Studio Solution File, Format Version 12.00
# Visual Studio Version 16
VisualStudioVersion = 16.0.29613.14
MinimumVisualStudioVersion = 10.0.40219.1
Project("{FAE04EC0-301F-11D3-BF4B-00C04F79EFBC}") = "KiscoSchedule", "KiscoSchedule\KiscoSchedule.csproj", "{1866B5AF-722E-411F-BD18-511187EAEEF1}"
EndProject
Global
	GlobalSection(SolutionConfigurationPlatforms) = preSolution
		Debug|Any CPU = Debug|Any CPU
		Release|Any CPU = Release|Any CPU
	EndGlobalSection
	GlobalSection(ProjectConfigurationPlatforms) = postSolution
		{1866B5AF-722E-411F-BD18-511187EAEEF1}.Debug|Any CPU.ActiveCfg = Debug|Any CPU
		{1866B5AF-722E-411F-BD18-511187EAEEF1}.Debug|Any CPU.Build.0 = Debug|Any CPU
		{1866B5AF-722E-411F-BD18-511187EAEEF1}.Release|Any CPU.ActiveCfg = Release|Any CPU
		{1866B5AF-722E-411F-BD18-511187EAEEF1}.Release|Any CPU.Build.0 = Release|Any CPU
	EndGlobalSection
	GlobalSection(SolutionProperties) = preSolution
		HideSolutionNode = FALSE
	EndGlobalSection
	GlobalSection(ExtensibilityGlobals) = postSolution
		SolutionGuid = {7EFB03EE-15F6-4AF2-85C4-7A165E787CAA}
	EndGlobalSection
EndGlobal
